
Microsoft Visual Studio Solution File, Format Version 12.00
# Visual Studio Version 16
VisualStudioVersion = 16.0.31424.327
MinimumVisualStudioVersion = 10.0.40219.1
Project("{FAE04EC0-301F-11D3-BF4B-00C04F79EFBC}") = "lab1", "lab1\lab1.csproj", "{46846D17-2F9B-4800-8CF2-28C9288FE08F}"
EndProject
Project("{FAE04EC0-301F-11D3-BF4B-00C04F79EFBC}") = "lab2", "lab2\lab2.csproj", "{05C6737F-1AE0-48BE-B481-EE96007E1E90}"
EndProject
Project("{FAE04EC0-301F-11D3-BF4B-00C04F79EFBC}") = "lab3", "lab3\lab3.csproj", "{FDE975DD-D7E0-426D-838E-BCD24D6E684D}"
EndProject
Project("{FAE04EC0-301F-11D3-BF4B-00C04F79EFBC}") = "lab4", "lab4\lab4.csproj", "{C7795762-E29D-4581-89A8-026FD2B22921}"
EndProject
Project("{FAE04EC0-301F-11D3-BF4B-00C04F79EFBC}") = "lab5", "lab5\lab5.csproj", "{126E5839-1780-4BBC-99A6-CC3E2F3CB102}"
EndProject
Project("{FAE04EC0-301F-11D3-BF4B-00C04F79EFBC}") = "lab6", "lab6\lab6.csproj", "{73B914E0-7F9E-4B7A-BFAE-BF711B063661}"
EndProject
Project("{FAE04EC0-301F-11D3-BF4B-00C04F79EFBC}") = "lab7", "lab7\lab7.csproj", "{86B41528-1F12-415B-A4D7-EDCDA8833E0A}"
EndProject
Project("{FAE04EC0-301F-11D3-BF4B-00C04F79EFBC}") = "lab8", "lab8\lab8.csproj", "{9CD0BB32-2ACE-4627-88FE-024EC7E77922}"
EndProject
Global
	GlobalSection(SolutionConfigurationPlatforms) = preSolution
		Debug|Any CPU = Debug|Any CPU
		Release|Any CPU = Release|Any CPU
	EndGlobalSection
	GlobalSection(ProjectConfigurationPlatforms) = postSolution
		{46846D17-2F9B-4800-8CF2-28C9288FE08F}.Debug|Any CPU.ActiveCfg = Debug|Any CPU
		{46846D17-2F9B-4800-8CF2-28C9288FE08F}.Debug|Any CPU.Build.0 = Debug|Any CPU
		{46846D17-2F9B-4800-8CF2-28C9288FE08F}.Release|Any CPU.ActiveCfg = Release|Any CPU
		{46846D17-2F9B-4800-8CF2-28C9288FE08F}.Release|Any CPU.Build.0 = Release|Any CPU
		{05C6737F-1AE0-48BE-B481-EE96007E1E90}.Debug|Any CPU.ActiveCfg = Debug|Any CPU
		{05C6737F-1AE0-48BE-B481-EE96007E1E90}.Debug|Any CPU.Build.0 = Debug|Any CPU
		{05C6737F-1AE0-48BE-B481-EE96007E1E90}.Release|Any CPU.ActiveCfg = Release|Any CPU
		{05C6737F-1AE0-48BE-B481-EE96007E1E90}.Release|Any CPU.Build.0 = Release|Any CPU
		{FDE975DD-D7E0-426D-838E-BCD24D6E684D}.Debug|Any CPU.ActiveCfg = Debug|Any CPU
		{FDE975DD-D7E0-426D-838E-BCD24D6E684D}.Debug|Any CPU.Build.0 = Debug|Any CPU
		{FDE975DD-D7E0-426D-838E-BCD24D6E684D}.Release|Any CPU.ActiveCfg = Release|Any CPU
		{FDE975DD-D7E0-426D-838E-BCD24D6E684D}.Release|Any CPU.Build.0 = Release|Any CPU
		{C7795762-E29D-4581-89A8-026FD2B22921}.Debug|Any CPU.ActiveCfg = Debug|Any CPU
		{C7795762-E29D-4581-89A8-026FD2B22921}.Debug|Any CPU.Build.0 = Debug|Any CPU
		{C7795762-E29D-4581-89A8-026FD2B22921}.Release|Any CPU.ActiveCfg = Release|Any CPU
		{C7795762-E29D-4581-89A8-026FD2B22921}.Release|Any CPU.Build.0 = Release|Any CPU
		{126E5839-1780-4BBC-99A6-CC3E2F3CB102}.Debug|Any CPU.ActiveCfg = Debug|Any CPU
		{126E5839-1780-4BBC-99A6-CC3E2F3CB102}.Debug|Any CPU.Build.0 = Debug|Any CPU
		{126E5839-1780-4BBC-99A6-CC3E2F3CB102}.Release|Any CPU.ActiveCfg = Release|Any CPU
		{126E5839-1780-4BBC-99A6-CC3E2F3CB102}.Release|Any CPU.Build.0 = Release|Any CPU
		{73B914E0-7F9E-4B7A-BFAE-BF711B063661}.Debug|Any CPU.ActiveCfg = Debug|Any CPU
		{73B914E0-7F9E-4B7A-BFAE-BF711B063661}.Debug|Any CPU.Build.0 = Debug|Any CPU
		{73B914E0-7F9E-4B7A-BFAE-BF711B063661}.Release|Any CPU.ActiveCfg = Release|Any CPU
		{73B914E0-7F9E-4B7A-BFAE-BF711B063661}.Release|Any CPU.Build.0 = Release|Any CPU
		{86B41528-1F12-415B-A4D7-EDCDA8833E0A}.Debug|Any CPU.ActiveCfg = Debug|Any CPU
		{86B41528-1F12-415B-A4D7-EDCDA8833E0A}.Debug|Any CPU.Build.0 = Debug|Any CPU
		{86B41528-1F12-415B-A4D7-EDCDA8833E0A}.Release|Any CPU.ActiveCfg = Release|Any CPU
		{86B41528-1F12-415B-A4D7-EDCDA8833E0A}.Release|Any CPU.Build.0 = Release|Any CPU
		{9CD0BB32-2ACE-4627-88FE-024EC7E77922}.Debug|Any CPU.ActiveCfg = Debug|Any CPU
		{9CD0BB32-2ACE-4627-88FE-024EC7E77922}.Debug|Any CPU.Build.0 = Debug|Any CPU
		{9CD0BB32-2ACE-4627-88FE-024EC7E77922}.Release|Any CPU.ActiveCfg = Release|Any CPU
		{9CD0BB32-2ACE-4627-88FE-024EC7E77922}.Release|Any CPU.Build.0 = Release|Any CPU
	EndGlobalSection
	GlobalSection(SolutionProperties) = preSolution
		HideSolutionNode = FALSE
	EndGlobalSection
	GlobalSection(ExtensibilityGlobals) = postSolution
		SolutionGuid = {1D87D9B0-7E8F-462F-8A27-2C1A814264C4}
	EndGlobalSection
EndGlobal
